
Microsoft Visual Studio Solution File, Format Version 12.00
# Visual Studio Version 17
VisualStudioVersion = 17.14.36221.1 d17.14
MinimumVisualStudioVersion = 10.0.40219.1
Project("{FAE04EC0-301F-11D3-BF4B-00C04F79EFBC}") = "KitchenUI", "KitchenUI\KitchenUI.csproj", "{4AE798DC-994C-4D93-9F4F-F040D1BF20FF}"
EndProject
Project("{FAE04EC0-301F-11D3-BF4B-00C04F79EFBC}") = "Sharedlib", "Sharedlib\Sharedlib.csproj", "{30EDC0EB-9AEF-4659-821D-5EFF8F2EC6C9}"
EndProject
Global
	GlobalSection(SolutionConfigurationPlatforms) = preSolution
		Debug|Any CPU = Debug|Any CPU
		Release|Any CPU = Release|Any CPU
	EndGlobalSection
	GlobalSection(ProjectConfigurationPlatforms) = postSolution
		{4AE798DC-994C-4D93-9F4F-F040D1BF20FF}.Debug|Any CPU.ActiveCfg = Debug|Any CPU
		{4AE798DC-994C-4D93-9F4F-F040D1BF20FF}.Debug|Any CPU.Build.0 = Debug|Any CPU
		{4AE798DC-994C-4D93-9F4F-F040D1BF20FF}.Release|Any CPU.ActiveCfg = Release|Any CPU
		{4AE798DC-994C-4D93-9F4F-F040D1BF20FF}.Release|Any CPU.Build.0 = Release|Any CPU
		{30EDC0EB-9AEF-4659-821D-5EFF8F2EC6C9}.Debug|Any CPU.ActiveCfg = Debug|Any CPU
		{30EDC0EB-9AEF-4659-821D-5EFF8F2EC6C9}.Debug|Any CPU.Build.0 = Debug|Any CPU
		{30EDC0EB-9AEF-4659-821D-5EFF8F2EC6C9}.Release|Any CPU.ActiveCfg = Release|Any CPU
		{30EDC0EB-9AEF-4659-821D-5EFF8F2EC6C9}.Release|Any CPU.Build.0 = Release|Any CPU
	EndGlobalSection
	GlobalSection(SolutionProperties) = preSolution
		HideSolutionNode = FALSE
	EndGlobalSection
	GlobalSection(ExtensibilityGlobals) = postSolution
		SolutionGuid = {B8983D19-8DD7-4FDD-B1D1-51E79D0B3964}
	EndGlobalSection
EndGlobal
